github.com/alecthomas/assert/v2 v2.1.0 h1:tbredtNcQnoSd3QBhQWI7QZ3XHOVkw1Moklp2ojoH/0=
github.com/alecthomas/kong v0.7.1 h1:azoTh0IOfwlAX3qN9sHWTxACE2oV8Bg2gAwBsMwDQY4=
github.com/alecthomas/kong v0.7.1/go.mod h1:n1iCIO2xS46oE8ZfYCNDqdR0b0wZNrXAIAqro/2132U=
github.com/alecthomas/repr v0.1.0 h1:ENn2e1+J3k09gyj2shc0dHr/yjaWSHRlrJ4DPMevDqE=
github.com/davecgh/go-spew v1.1.1 h1:vj9j/u1bqnvCEfJOwUhtlOARqs3+rkHYY13jYWTU97c=
github.com/fabiustech/openai v0.4.0 h1:tFKsyp9IVJfh0vP/29sQW7X5UaF9pkKMkdekxgexl6M=
github.com/fabiustech/openai v0.4.0/go.mod h1:MUu0PQSo0B1ZNXSFa+vQAVfYSqrLA2+JSWrurFGWfGw=
github.com/hexops/gotextdiff v1.0.3 h1:gitA9+qJrrTCsiCl7+kh75nPqQt1cx4ZkudSTLoUqJM=
github.com/pmezard/go-difflib v1.0.0 h1:4DBwDE0NGyQoBHbLQYPwSUPoCMWR5BEzIk/f1lZbAQM=
github.com/sashabaranov/go-openai v1.5.0 h1:4Gr/7g/KtVzW0ddn7TC2aUlyzvhZBIM+qRZ6Ae2kMa0=
github.com/sashabaranov/go-openai v1.5.0/go.mod h1:lj5b/K+zjTSFxVLijLSTDZuP7adOgerWeFyZLUhAKRg=
github.com/stevegt/goadapt v0.4.0 h1:+Z4NitA0jnEzWhvPWRjunFGHfMtQEUeBnp5WC3D8eJc=
github.com/stevegt/goadapt v0.4.0/go.mod h1:vquRbAl0Ek4iJHCvFUEDxziTsETR2HOT7r64NolhDKs=
github.com/stretchr/testify v1.8.1 h1:w7B6lhMri9wdJUVmEZPGGhZzrYTPvgJArz7wNPgYKsk=
go.etcd.io/bbolt v1.3.7 h1:j+zJOnnEjF/kyHlDDgGnVL/AIqIJPq8UoB2GSNfkUfQ=
go.etcd.io/bbolt v1.3.7/go.mod h1:N9Mkw9X8x5fupy0IKsmuqVtoGDyxsaDlbk4Rd05IAQw=
golang.org/x/sys v0.4.0 h1:Zr2JFtRQNX3BCZ8YtxRE9hNJYC8J6I1MVbMg6owUp18=
golang.org/x/sys v0.4.0/go.mod h1:oPkhp1MJrh7nUepCBck5+mAzfO9JrbApNNgaTdGDITg=
gopkg.in/yaml.v3 v3.0.1 h1:fxVm/GzAzEWqLHuvctI91KS9hhNmmWOoWu0XTYJS7CA=
