github.com/creack/pty v1.1.9/go.mod h1:oKZEueFk5CKHvIhNR5MUki03XCEU+Q6VDXinZuGJ33E=
github.com/dlclark/regexp2 v1.9.0 h1:pTK/l/3qYIKaRXuHnEnIf7Y5NxfRPfpb7dis6/gdlVI=
github.com/dlclark/regexp2 v1.9.0/go.mod h1:DHkYz0B9wPfa6wondMfaivmHpzrQ3v9q8cnmRbL6yW8=
github.com/fabiustech/openai v0.4.0 h1:tFKsyp9IVJfh0vP/29sQW7X5UaF9pkKMkdekxgexl6M=
github.com/fabiustech/openai v0.4.0/go.mod h1:MUu0PQSo0B1ZNXSFa+vQAVfYSqrLA2+JSWrurFGWfGw=
github.com/gofrs/flock v0.8.1 h1:+gYjHKf32LDeiEEFhQaotPbLuUXjY5ZqxKgXy7n59aw=
github.com/gofrs/flock v0.8.1/go.mod h1:F1TvTiK9OcQqauNUHlbJvyl9Qa1QvF/gOUDKA14jxHU=
github.com/kr/pretty v0.3.1 h1:flRD4NNwYAUpkphVc1HcthR4KEIFJ65n8Mw5qdRn3LE=
github.com/kr/pretty v0.3.1/go.mod h1:hoEshYVHaxMs3cyo3Yncou5ZscifuDolrwPKZanG3xk=
github.com/kr/text v0.2.0 h1:5Nx0Ya0ZqY2ygV366QzturHI13Jq95ApcVaJBhpS+AY=
github.com/kr/text v0.2.0/go.mod h1:eLer722TekiGuMkidMxC/pM04lWEeraHUUmBw8l2grE=
github.com/rogpeppe/go-internal v1.12.0 h1:exVL4IDcn6na9z1rAb56Vxr+CgyK3nn3O+epU5NdKM8=
github.com/rogpeppe/go-internal v1.12.0/go.mod h1:E+RYuTGaKKdloAfM02xzb0FW3Paa99yedzYV+kq4uf4=
github.com/sashabaranov/go-openai v1.29.2 h1:jYpp1wktFoOvxHnum24f/w4+DFzUdJnu83trr5+Slh0=
github.com/sashabaranov/go-openai v1.29.2/go.mod h1:lj5b/K+zjTSFxVLijLSTDZuP7adOgerWeFyZLUhAKRg=
github.com/stevegt/envi v0.2.0 h1:QIaNQz///ueqH/57ldwGQy0yRgaYr/d7JLBQfjg+RXs=
github.com/stevegt/envi v0.2.0/go.mod h1:Z8w7bE5V9Ce3H02CWNTEYkW3zWE8ulgfROtEt6ydDoY=
github.com/stevegt/go-openai v0.0.0-20250731211715-61bacff90751 h1:E+j7yp7Q1VHfwBt8qL3x80+8xroGmPBcCUQuOUl9LGw=
github.com/stevegt/go-openai v0.0.0-20250731211715-61bacff90751/go.mod h1:ilG070nctSQa/4ovo4fnLopUeATpgeMJbadN289XHKE=
github.com/stevegt/goadapt v0.0.13/go.mod h1:BWNnTsXdIxaseRo0W/MoVgDeLNf+6L4S4fPhyAsBTi0=
github.com/stevegt/goadapt v0.7.0 h1:brUmaaA4mr3hqQfglDAQh7/MVSWak52mEAOzfbSoMDg=
github.com/stevegt/goadapt v0.7.0/go.mod h1:vquRbAl0Ek4iJHCvFUEDxziTsETR2HOT7r64NolhDKs=
github.com/stevegt/grokker/v3 v3.0.36 h1:cDa5VBLzJg96eOB7PFrfxjV2AAP2D0gR6KI9KRmRIf8=
github.com/stevegt/grokker/v3 v3.0.36/go.mod h1:m1CYVbAC3KSq/36v6Z9/RAuDXQaFqZfT4bJ1sM45fVA=
github.com/stevegt/semver v0.0.0-20240217000820-5913d1a31c26 h1:z1tzm2Q22jtCN87NlApplnTx/EPQQ4zyZaDgNvw3wg8=
github.com/stevegt/semver v0.0.0-20240217000820-5913d1a31c26/go.mod h1:Jm8NvUiaWMGzaCtI0Ja7Vy7/7ZESxEMWYGswGyqW1+A=
github.com/tiktoken-go/tokenizer v0.1.0 h1:c1fXriHSR/NmhMDTwUDLGiNhHwTV+ElABGvqhCWLRvY=
github.com/tiktoken-go/tokenizer v0.1.0/go.mod h1:7SZW3pZUKWLJRilTvWCa86TOVIiiJhYj3FQ5V3alWcg=
github.com/yuin/goldmark v1.7.13 h1:GPddIs617DnBLFFVJFgpo1aBfe/4xcvMc3SB5t/D0pA=
github.com/yuin/goldmark v1.7.13/go.mod h1:ip/1k0VRfGynBgxOz0yCqHrbZXhcjxyuS66Brc7iBKg=
golang.org/x/sys v0.5.0 h1:MUK/U/4lj1t1oPg0HfuXDN/Z1wv31ZJ/YcPiGccS4DU=
golang.org/x/sys v0.5.0/go.mod h1:oPkhp1MJrh7nUepCBck5+mAzfO9JrbApNNgaTdGDITg=
gopkg.in/check.v1 v1.0.0-20201130134442-10cb98267c6c h1:Hei/4ADfdWqJk1ZMxUNpqntNwaWcugrBjAiHlqqRiVk=
gopkg.in/check.v1 v1.0.0-20201130134442-10cb98267c6c/go.mod h1:JHkPIbrfpd72SG/EVd6muEfDQjcINNoR0C8j2r3qZ4Q=
